
Microsoft Visual Studio Solution File, Format Version 12.00
# Visual Studio Version 17
VisualStudioVersion = 17.11.35222.181
MinimumVisualStudioVersion = 10.0.40219.1
Project("{888888A0-9F3D-457C-B088-3A5042F75D52}") = "bài tập python buổi 4_2", "bài tập python buổi 4_2\bài tập python buổi 4_2.pyproj", "{C732DC22-10B6-4395-9BDC-4482BD19D0BA}"
EndProject
Global
	GlobalSection(SolutionConfigurationPlatforms) = preSolution
		Debug|Any CPU = Debug|Any CPU
		Release|Any CPU = Release|Any CPU
	EndGlobalSection
	GlobalSection(ProjectConfigurationPlatforms) = postSolution
		{C732DC22-10B6-4395-9BDC-4482BD19D0BA}.Debug|Any CPU.ActiveCfg = Debug|Any CPU
		{C732DC22-10B6-4395-9BDC-4482BD19D0BA}.Release|Any CPU.ActiveCfg = Release|Any CPU
	EndGlobalSection
	GlobalSection(SolutionProperties) = preSolution
		HideSolutionNode = FALSE
	EndGlobalSection
	GlobalSection(ExtensibilityGlobals) = postSolution
		SolutionGuid = {0FD2E10F-EA32-4DB0-B30B-82695A87F902}
	EndGlobalSection
EndGlobal
